
Microsoft Visual Studio Solution File, Format Version 12.00
# Visual Studio Version 16
VisualStudioVersion = 16.0.31105.61
MinimumVisualStudioVersion = 10.0.40219.1
Project("{FAE04EC0-301F-11D3-BF4B-00C04F79EFBC}") = "GeneratePasswrd", "GeneratePasswrd.csproj", "{4A5C2310-6EEA-4641-8197-9FECFB589DC3}"
EndProject
Global
	GlobalSection(SolutionConfigurationPlatforms) = preSolution
		Debug|Any CPU = Debug|Any CPU
		Release|Any CPU = Release|Any CPU
	EndGlobalSection
	GlobalSection(ProjectConfigurationPlatforms) = postSolution
		{4A5C2310-6EEA-4641-8197-9FECFB589DC3}.Debug|Any CPU.ActiveCfg = Debug|Any CPU
		{4A5C2310-6EEA-4641-8197-9FECFB589DC3}.Debug|Any CPU.Build.0 = Debug|Any CPU
		{4A5C2310-6EEA-4641-8197-9FECFB589DC3}.Release|Any CPU.ActiveCfg = Release|Any CPU
		{4A5C2310-6EEA-4641-8197-9FECFB589DC3}.Release|Any CPU.Build.0 = Release|Any CPU
	EndGlobalSection
	GlobalSection(SolutionProperties) = preSolution
		HideSolutionNode = FALSE
	EndGlobalSection
	GlobalSection(ExtensibilityGlobals) = postSolution
		SolutionGuid = {2F3A50E7-7092-49F7-99C4-E32C100DF411}
	EndGlobalSection
EndGlobal
